// !$*UTF8*$!
{
	archiveVersion = 1;
	classes = {
	};
	objectVersion = 50;
	objects = {

/* Begin PBXBuildFile section */
		5C08697120F94276000FCBB8 /* AppDelegate.swift in Sources */ = {isa = PBXBuildFile; fileRef = 5C08697020F94276000FCBB8 /* AppDelegate.swift */; };
		5C08697320F94276000FCBB8 /* ViewController.swift in Sources */ = {isa = PBXBuildFile; fileRef = 5C08697220F94276000FCBB8 /* ViewController.swift */; };
		5C08697620F94276000FCBB8 /* Main.storyboard in Resources */ = {isa = PBXBuildFile; fileRef = 5C08697420F94276000FCBB8 /* Main.storyboard */; };
		5C08697820F94277000FCBB8 /* Assets.xcassets in Resources */ = {isa = PBXBuildFile; fileRef = 5C08697720F94277000FCBB8 /* Assets.xcassets */; };
		5C08697B20F94277000FCBB8 /* LaunchScreen.storyboard in Resources */ = {isa = PBXBuildFile; fileRef = 5C08697920F94277000FCBB8 /* LaunchScreen.storyboard */; };
		5C08698620F94278000FCBB8 /* FoodTrackTests.swift in Sources */ = {isa = PBXBuildFile; fileRef = 5C08698520F94278000FCBB8 /* FoodTrackTests.swift */; };
		5C08699120F94278000FCBB8 /* FoodTrackUITests.swift in Sources */ = {isa = PBXBuildFile; fileRef = 5C08699020F94278000FCBB8 /* FoodTrackUITests.swift */; };
/* End PBXBuildFile section */

/* Begin PBXContainerItemProxy section */
		5C08698220F94278000FCBB8 /* PBXContainerItemProxy */ = {
			isa = PBXContainerItemProxy;
			containerPortal = 5C08696520F94276000FCBB8 /* Project object */;
			proxyType = 1;
			remoteGlobalIDString = 5C08696C20F94276000FCBB8;
			remoteInfo = FoodTrack;
		};
		5C08698D20F94278000FCBB8 /* PBXContainerItemProxy */ = {
			isa = PBXContainerItemProxy;
			containerPortal = 5C08696520F94276000FCBB8 /* Project object */;
			proxyType = 1;
			remoteGlobalIDString = 5C08696C20F94276000FCBB8;
			remoteInfo = FoodTrack;
		};
/* End PBXContainerItemProxy section */

/* Begin PBXFileReference section */
		5C08696D20F94276000FCBB8 /* FoodTrack.app */ = {isa = PBXFileReference; explicitFileType = wrapper.application; includeInIndex = 0; path = FoodTrack.app; sourceTree = BUILT_PRODUCTS_DIR; };
		5C08697020F94276000FCBB8 /* AppDelegate.swift */ = {isa = PBXFileReference; lastKnownFileType = sourcecode.swift; path = AppDelegate.swift; sourceTree = "<group>"; };
		5C08697220F94276000FCBB8 /* ViewController.swift */ = {isa = PBXFileReference; lastKnownFileType = sourcecode.swift; path = ViewController.swift; sourceTree = "<group>"; };
		5C08697520F94276000FCBB8 /* Base */ = {isa = PBXFileReference; lastKnownFileType = file.storyboard; name = Base; path = Base.lproj/Main.storyboard; sourceTree = "<group>"; };
		5C08697720F94277000FCBB8 /* Assets.xcassets */ = {isa = PBXFileReference; lastKnownFileType = folder.assetcatalog; path = Assets.xcassets; sourceTree = "<group>"; };
		5C08697A20F94277000FCBB8 /* Base */ = {isa = PBXFileReference; lastKnownFileType = file.storyboard; name = Base; path = Base.lproj/LaunchScreen.storyboard; sourceTree = "<group>"; };
		5C08697C20F94277000FCBB8 /* Info.plist */ = {isa = PBXFileReference; lastKnownFileType = text.plist.xml; path = Info.plist; sourceTree = "<group>"; };
		5C08698120F94277000FCBB8 /* FoodTrackTests.xctest */ = {isa = PBXFileReference; explicitFileType = wrapper.cfbundle; includeInIndex = 0; path = FoodTrackTests.xctest; sourceTree = BUILT_PRODUCTS_DIR; };
		5C08698520F94278000FCBB8 /* FoodTrackTests.swift */ = {isa = PBXFileReference; lastKnownFileType = sourcecode.swift; path = FoodTrackTests.swift; sourceTree = "<group>"; };
		5C08698720F94278000FCBB8 /* Info.plist */ = {isa = PBXFileReference; lastKnownFileType = text.plist.xml; path = Info.plist; sourceTree = "<group>"; };
		5C08698C20F94278000FCBB8 /* FoodTrackUITests.xctest */ = {isa = PBXFileReference; explicitFileType = wrapper.cfbundle; includeInIndex = 0; path = FoodTrackUITests.xctest; sourceTree = BUILT_PRODUCTS_DIR; };
		5C08699020F94278000FCBB8 /* FoodTrackUITests.swift */ = {isa = PBXFileReference; lastKnownFileType = sourcecode.swift; path = FoodTrackUITests.swift; sourceTree = "<group>"; };
		5C08699220F94278000FCBB8 /* Info.plist */ = {isa = PBXFileReference; lastKnownFileType = text.plist.xml; path = Info.plist; sourceTree = "<group>"; };
/* End PBXFileReference section */

/* Begin PBXFrameworksBuildPhase section */
		5C08696A20F94276000FCBB8 /* Frameworks */ = {
			isa = PBXFrameworksBuildPhase;
			buildActionMask = 2147483647;
			files = (
			);
			runOnlyForDeploymentPostprocessing = 0;
		};
		5C08697E20F94277000FCBB8 /* Frameworks */ = {
			isa = PBXFrameworksBuildPhase;
			buildActionMask = 2147483647;
			files = (
			);
			runOnlyForDeploymentPostprocessing = 0;
		};
		5C08698920F94278000FCBB8 /* Frameworks */ = {
			isa = PBXFrameworksBuildPhase;
			buildActionMask = 2147483647;
			files = (
			);
			runOnlyForDeploymentPostprocessing = 0;
		};
/* End PBXFrameworksBuildPhase section */

/* Begin PBXGroup section */
		5C08696420F94276000FCBB8 = {
			isa = PBXGroup;
			children = (
				5C08696F20F94276000FCBB8 /* FoodTrack */,
				5C08698420F94278000FCBB8 /* FoodTrackTests */,
				5C08698F20F94278000FCBB8 /* FoodTrackUITests */,
				5C08696E20F94276000FCBB8 /* Products */,
			);
			sourceTree = "<group>";
		};
		5C08696E20F94276000FCBB8 /* Products */ = {
			isa = PBXGroup;
			children = (
				5C08696D20F94276000FCBB8 /* FoodTrack.app */,
				5C08698120F94277000FCBB8 /* FoodTrackTests.xctest */,
				5C08698C20F94278000FCBB8 /* FoodTrackUITests.xctest */,
			);
			name = Products;
			sourceTree = "<group>";
		};
		5C08696F20F94276000FCBB8 /* FoodTrack */ = {
			isa = PBXGroup;
			children = (
				5C08697020F94276000FCBB8 /* AppDelegate.swift */,
				5C08697220F94276000FCBB8 /* ViewController.swift */,
				5C08697420F94276000FCBB8 /* Main.storyboard */,
				5C08697720F94277000FCBB8 /* Assets.xcassets */,
				5C08697920F94277000FCBB8 /* LaunchScreen.storyboard */,
				5C08697C20F94277000FCBB8 /* Info.plist */,
			);
			path = FoodTrack;
			sourceTree = "<group>";
		};
		5C08698420F94278000FCBB8 /* FoodTrackTests */ = {
			isa = PBXGroup;
			children = (
				5C08698520F94278000FCBB8 /* FoodTrackTests.swift */,
				5C08698720F94278000FCBB8 /* Info.plist */,
			);
			path = FoodTrackTests;
			sourceTree = "<group>";
		};
		5C08698F20F94278000FCBB8 /* FoodTrackUITests */ = {
			isa = PBXGroup;
			children = (
				5C08699020F94278000FCBB8 /* FoodTrackUITests.swift */,
				5C08699220F94278000FCBB8 /* Info.plist */,
			);
			path = FoodTrackUITests;
			sourceTree = "<group>";
		};
/* End PBXGroup section */

/* Begin PBXNativeTarget section */
		5C08696C20F94276000FCBB8 /* FoodTrack */ = {
			isa = PBXNativeTarget;
			buildConfigurationList = 5C08699520F94278000FCBB8 /* Build configuration list for PBXNativeTarget "FoodTrack" */;
			buildPhases = (
				5C08696920F94276000FCBB8 /* Sources */,
				5C08696A20F94276000FCBB8 /* Frameworks */,
				5C08696B20F94276000FCBB8 /* Resources */,
			);
			buildRules = (
			);
			dependencies = (
			);
			name = FoodTrack;
			productName = FoodTrack;
			productReference = 5C08696D20F94276000FCBB8 /* FoodTrack.app */;
			productType = "com.apple.product-type.application";
		};
		5C08698020F94277000FCBB8 /* FoodTrackTests */ = {
			isa = PBXNativeTarget;
			buildConfigurationList = 5C08699820F94278000FCBB8 /* Build configuration list for PBXNativeTarget "FoodTrackTests" */;
			buildPhases = (
				5C08697D20F94277000FCBB8 /* Sources */,
				5C08697E20F94277000FCBB8 /* Frameworks */,
				5C08697F20F94277000FCBB8 /* Resources */,
			);
			buildRules = (
			);
			dependencies = (
				5C08698320F94278000FCBB8 /* PBXTargetDependency */,
			);
			name = FoodTrackTests;
			productName = FoodTrackTests;
			productReference = 5C08698120F94277000FCBB8 /* FoodTrackTests.xctest */;
			productType = "com.apple.product-type.bundle.unit-test";
		};
		5C08698B20F94278000FCBB8 /* FoodTrackUITests */ = {
			isa = PBXNativeTarget;
			buildConfigurationList = 5C08699B20F94278000FCBB8 /* Build configuration list for PBXNativeTarget "FoodTrackUITests" */;
			buildPhases = (
				5C08698820F94278000FCBB8 /* Sources */,
				5C08698920F94278000FCBB8 /* Frameworks */,
				5C08698A20F94278000FCBB8 /* Resources */,
			);
			buildRules = (
			);
			dependencies = (
				5C08698E20F94278000FCBB8 /* PBXTargetDependency */,
			);
			name = FoodTrackUITests;
			productName = FoodTrackUITests;
			productReference = 5C08698C20F94278000FCBB8 /* FoodTrackUITests.xctest */;
			productType = "com.apple.product-type.bundle.ui-testing";
		};
/* End PBXNativeTarget section */

/* Begin PBXProject section */
		5C08696520F94276000FCBB8 /* Project object */ = {
			isa = PBXProject;
			attributes = {
				LastSwiftUpdateCheck = 0930;
				LastUpgradeCheck = 0930;
				ORGANIZATIONNAME = avanet.tech;
				TargetAttributes = {
					5C08696C20F94276000FCBB8 = {
						CreatedOnToolsVersion = 9.3;
					};
					5C08698020F94277000FCBB8 = {
						CreatedOnToolsVersion = 9.3;
						TestTargetID = 5C08696C20F94276000FCBB8;
					};
					5C08698B20F94278000FCBB8 = {
						CreatedOnToolsVersion = 9.3;
						TestTargetID = 5C08696C20F94276000FCBB8;
					};
				};
			};
			buildConfigurationList = 5C08696820F94276000FCBB8 /* Build configuration list for PBXProject "FoodTrack" */;
			compatibilityVersion = "Xcode 9.3";
			developmentRegion = en;
			hasScannedForEncodings = 0;
			knownRegions = (
				en,
				Base,
			);
			mainGroup = 5C08696420F94276000FCBB8;
			productRefGroup = 5C08696E20F94276000FCBB8 /* Products */;
			projectDirPath = "";
			projectRoot = "";
			targets = (
				5C08696C20F94276000FCBB8 /* FoodTrack */,
				5C08698020F94277000FCBB8 /* FoodTrackTests */,
				5C08698B20F94278000FCBB8 /* FoodTrackUITests */,
			);
		};
/* End PBXProject section */

/* Begin PBXResourcesBuildPhase section */
		5C08696B20F94276000FCBB8 /* Resources */ = {
			isa = PBXResourcesBuildPhase;
			buildActionMask = 2147483647;
			files = (
				5C08697B20F94277000FCBB8 /* LaunchScreen.storyboard in Resources */,
				5C08697820F94277000FCBB8 /* Assets.xcassets in Resources */,
				5C08697620F94276000FCBB8 /* Main.storyboard in Resources */,
			);
			runOnlyForDeploymentPostprocessing = 0;
		};
		5C08697F20F94277000FCBB8 /* Resources */ = {
			isa = PBXResourcesBuildPhase;
			buildActionMask = 2147483647;
			files = (
			);
			runOnlyForDeploymentPostprocessing = 0;
		};
		5C08698A20F94278000FCBB8 /* Resources */ = {
			isa = PBXResourcesBuildPhase;
			buildActionMask = 2147483647;
			files = (
			);
			runOnlyForDeploymentPostprocessing = 0;
		};
/* End PBXResourcesBuildPhase section */

/* Begin PBXSourcesBuildPhase section */
		5C08696920F94276000FCBB8 /* Sources */ = {
			isa = PBXSourcesBuildPhase;
			buildActionMask = 2147483647;
			files = (
				5C08697320F94276000FCBB8 /* ViewController.swift in Sources */,
				5C08697120F94276000FCBB8 /* AppDelegate.swift in Sources */,
			);
			runOnlyForDeploymentPostprocessing = 0;
		};
		5C08697D20F94277000FCBB8 /* Sources */ = {
			isa = PBXSourcesBuildPhase;
			buildActionMask = 2147483647;
			files = (
				5C08698620F94278000FCBB8 /* FoodTrackTests.swift in Sources */,
			);
			runOnlyForDeploymentPostprocessing = 0;
		};
		5C08698820F94278000FCBB8 /* Sources */ = {
			isa = PBXSourcesBuildPhase;
			buildActionMask = 2147483647;
			files = (
				5C08699120F94278000FCBB8 /* FoodTrackUITests.swift in Sources */,
			);
			runOnlyForDeploymentPostprocessing = 0;
		};
/* End PBXSourcesBuildPhase section */

/* Begin PBXTargetDependency section */
		5C08698320F94278000FCBB8 /* PBXTargetDependency */ = {
			isa = PBXTargetDependency;
			target = 5C08696C20F94276000FCBB8 /* FoodTrack */;
			targetProxy = 5C08698220F94278000FCBB8 /* PBXContainerItemProxy */;
		};
		5C08698E20F94278000FCBB8 /* PBXTargetDependency */ = {
			isa = PBXTargetDependency;
			target = 5C08696C20F94276000FCBB8 /* FoodTrack */;
			targetProxy = 5C08698D20F94278000FCBB8 /* PBXContainerItemProxy */;
		};
/* End PBXTargetDependency section */

/* Begin PBXVariantGroup section */
		5C08697420F94276000FCBB8 /* Main.storyboard */ = {
			isa = PBXVariantGroup;
			children = (
				5C08697520F94276000FCBB8 /* Base */,
			);
			name = Main.storyboard;
			sourceTree = "<group>";
		};
		5C08697920F94277000FCBB8 /* LaunchScreen.storyboard */ = {
			isa = PBXVariantGroup;
			children = (
				5C08697A20F94277000FCBB8 /* Base */,
			);
			name = LaunchScreen.storyboard;
			sourceTree = "<group>";
		};
/* End PBXVariantGroup section */

/* Begin XCBuildConfiguration section */
		5C08699320F94278000FCBB8 /* Debug */ = {
			isa = XCBuildConfiguration;
			buildSettings = {
				ALWAYS_SEARCH_USER_PATHS = NO;
				CLANG_ANALYZER_NONNULL = YES;
				CLANG_ANALYZER_NUMBER_OBJECT_CONVERSION = YES_AGGRESSIVE;
				CLANG_CXX_LANGUAGE_STANDARD = "gnu++14";
				CLANG_CXX_LIBRARY = "libc++";
				CLANG_ENABLE_MODULES = YES;
				CLANG_ENABLE_OBJC_ARC = YES;
				CLANG_ENABLE_OBJC_WEAK = YES;
				CLANG_WARN_BLOCK_CAPTURE_AUTORELEASING = YES;
				CLANG_WARN_BOOL_CONVERSION = YES;
				CLANG_WARN_COMMA = YES;
				CLANG_WARN_CONSTANT_CONVERSION = YES;
				CLANG_WARN_DEPRECATED_OBJC_IMPLEMENTATIONS = YES;
				CLANG_WARN_DIRECT_OBJC_ISA_USAGE = YES_ERROR;
				CLANG_WARN_DOCUMENTATION_COMMENTS = YES;
				CLANG_WARN_EMPTY_BODY = YES;
				CLANG_WARN_ENUM_CONVERSION = YES;
				CLANG_WARN_INFINITE_RECURSION = YES;
				CLANG_WARN_INT_CONVERSION = YES;
				CLANG_WARN_NON_LITERAL_NULL_CONVERSION = YES;
				CLANG_WARN_OBJC_IMPLICIT_RETAIN_SELF = YES;
				CLANG_WARN_OBJC_LITERAL_CONVERSION = YES;
				CLANG_WARN_OBJC_ROOT_CLASS = YES_ERROR;
				CLANG_WARN_RANGE_LOOP_ANALYSIS = YES;
				CLANG_WARN_STRICT_PROTOTYPES = YES;
				CLANG_WARN_SUSPICIOUS_MOVE = YES;
				CLANG_WARN_UNGUARDED_AVAILABILITY = YES_AGGRESSIVE;
				CLANG_WARN_UNREACHABLE_CODE = YES;
				CLANG_WARN__DUPLICATE_METHOD_MATCH = YES;
				CODE_SIGN_IDENTITY = "iPhone Developer";
				COPY_PHASE_STRIP = NO;
				DEBUG_INFORMATION_FORMAT = dwarf;
				ENABLE_STRICT_OBJC_MSGSEND = YES;
				ENABLE_TESTABILITY = YES;
				GCC_C_LANGUAGE_STANDARD = gnu11;
				GCC_DYNAMIC_NO_PIC = NO;
				GCC_NO_COMMON_BLOCKS = YES;
				GCC_OPTIMIZATION_LEVEL = 0;
				GCC_PREPROCESSOR_DEFINITIONS = (
					"DEBUG=1",
					"$(inherited)",
				);
				GCC_WARN_64_TO_32_BIT_CONVERSION = YES;
				GCC_WARN_ABOUT_RETURN_TYPE = YES_ERROR;
				GCC_WARN_UNDECLARED_SELECTOR = YES;
				GCC_WARN_UNINITIALIZED_AUTOS = YES_AGGRESSIVE;
				GCC_WARN_UNUSED_FUNCTION = YES;
				GCC_WARN_UNUSED_VARIABLE = YES;
				IPHONEOS_DEPLOYMENT_TARGET = 11.3;
				MTL_ENABLE_DEBUG_INFO = YES;
				ONLY_ACTIVE_ARCH = YES;
				SDKROOT = iphoneos;
				SWIFT_ACTIVE_COMPILATION_CONDITIONS = DEBUG;
				SWIFT_OPTIMIZATION_LEVEL = "-Onone";
			};
			name = Debug;
		};
		5C08699420F94278000FCBB8 /* Release */ = {
			isa = XCBuildConfiguration;
			buildSettings = {
				ALWAYS_SEARCH_USER_PATHS = NO;
				CLANG_ANALYZER_NONNULL = YES;
				CLANG_ANALYZER_NUMBER_OBJECT_CONVERSION = YES_AGGRESSIVE;
				CLANG_CXX_LANGUAGE_STANDARD = "gnu++14";
				CLANG_CXX_LIBRARY = "libc++";
				CLANG_ENABLE_MODULES = YES;
				CLANG_ENABLE_OBJC_ARC = YES;
				CLANG_ENABLE_OBJC_WEAK = YES;
				CLANG_WARN_BLOCK_CAPTURE_AUTORELEASING = YES;
				CLANG_WARN_BOOL_CONVERSION = YES;
				CLANG_WARN_COMMA = YES;
				CLANG_WARN_CONSTANT_CONVERSION = YES;
				CLANG_WARN_DEPRECATED_OBJC_IMPLEMENTATIONS = YES;
				CLANG_WARN_DIRECT_OBJC_ISA_USAGE = YES_ERROR;
				CLANG_WARN_DOCUMENTATION_COMMENTS = YES;
				CLANG_WARN_EMPTY_BODY = YES;
				CLANG_WARN_ENUM_CONVERSION = YES;
				CLANG_WARN_INFINITE_RECURSION = YES;
				CLANG_WARN_INT_CONVERSION = YES;
				CLANG_WARN_NON_LITERAL_NULL_CONVERSION = YES;
				CLANG_WARN_OBJC_IMPLICIT_RETAIN_SELF = YES;
				CLANG_WARN_OBJC_LITERAL_CONVERSION = YES;
				CLANG_WARN_OBJC_ROOT_CLASS = YES_ERROR;
				CLANG_WARN_RANGE_LOOP_ANALYSIS = YES;
				CLANG_WARN_STRICT_PROTOTYPES = YES;
				CLANG_WARN_SUSPICIOUS_MOVE = YES;
				CLANG_WARN_UNGUARDED_AVAILABILITY = YES_AGGRESSIVE;
				CLANG_WARN_UNREACHABLE_CODE = YES;
				CLANG_WARN__DUPLICATE_METHOD_MATCH = YES;
				CODE_SIGN_IDENTITY = "iPhone Developer";
				COPY_PHASE_STRIP = NO;
				DEBUG_INFORMATION_FORMAT = "dwarf-with-dsym";
				ENABLE_NS_ASSERTIONS = NO;
				ENABLE_STRICT_OBJC_MSGSEND = YES;
				GCC_C_LANGUAGE_STANDARD = gnu11;
				GCC_NO_COMMON_BLOCKS = YES;
				GCC_WARN_64_TO_32_BIT_CONVERSION = YES;
				GCC_WARN_ABOUT_RETURN_TYPE = YES_ERROR;
				GCC_WARN_UNDECLARED_SELECTOR = YES;
				GCC_WARN_UNINITIALIZED_AUTOS = YES_AGGRESSIVE;
				GCC_WARN_UNUSED_FUNCTION = YES;
				GCC_WARN_UNUSED_VARIABLE = YES;
				IPHONEOS_DEPLOYMENT_TARGET = 11.3;
				MTL_ENABLE_DEBUG_INFO = NO;
				SDKROOT = iphoneos;
				SWIFT_COMPILATION_MODE = wholemodule;
				SWIFT_OPTIMIZATION_LEVEL = "-O";
				VALIDATE_PRODUCT = YES;
			};
			name = Release;
		};
		5C08699620F94278000FCBB8 /* Debug */ = {
			isa = XCBuildConfiguration;
			buildSettings = {
				ASSETCATALOG_COMPILER_APPICON_NAME = AppIcon;
				CODE_SIGN_STYLE = Automatic;
				DEVELOPMENT_TEAM = A376FP7M6Q;
				INFOPLIST_FILE = FoodTrack/Info.plist;
				LD_RUNPATH_SEARCH_PATHS = (
					"$(inherited)",
					"@executable_path/Frameworks",
				);
				PRODUCT_BUNDLE_IDENTIFIER = com.avanet.tech.FoodTrack;
				PRODUCT_NAME = "$(TARGET_NAME)";
				SWIFT_VERSION = 4.0;
				TARGETED_DEVICE_FAMILY = "1,2";
			};
			name = Debug;
		};
		5C08699720F94278000FCBB8 /* Release */ = {
			isa = XCBuildConfiguration;
			buildSettings = {
				ASSETCATALOG_COMPILER_APPICON_NAME = AppIcon;
				CODE_SIGN_STYLE = Automatic;
				DEVELOPMENT_TEAM = A376FP7M6Q;
				INFOPLIST_FILE = FoodTrack/Info.plist;
				LD_RUNPATH_SEARCH_PATHS = (
					"$(inherited)",
					"@executable_path/Frameworks",
				);
				PRODUCT_BUNDLE_IDENTIFIER = com.avanet.tech.FoodTrack;
				PRODUCT_NAME = "$(TARGET_NAME)";
				SWIFT_VERSION = 4.0;
				TARGETED_DEVICE_FAMILY = "1,2";
			};
			name = Release;
		};
		5C08699920F94278000FCBB8 /* Debug */ = {
			isa = XCBuildConfiguration;
			buildSettings = {
				ALWAYS_EMBED_SWIFT_STANDARD_LIBRARIES = YES;
				BUNDLE_LOADER = "$(TEST_HOST)";
				CODE_SIGN_STYLE = Automatic;
				INFOPLIST_FILE = FoodTrackTests/Info.plist;
				LD_RUNPATH_SEARCH_PATHS = (
					"$(inherited)",
					"@executable_path/Frameworks",
					"@loader_path/Frameworks",
				);
				PRODUCT_BUNDLE_IDENTIFIER = com.avanet.tech.FoodTrackTests;
				PRODUCT_NAME = "$(TARGET_NAME)";
				SWIFT_VERSION = 4.0;
				TARGETED_DEVICE_FAMILY = "1,2";
				TEST_HOST = "$(BUILT_PRODUCTS_DIR)/FoodTrack.app/FoodTrack";
			};
			name = Debug;
		};
		5C08699A20F94278000FCBB8 /* Release */ = {
			isa = XCBuildConfiguration;
			buildSettings = {
				ALWAYS_EMBED_SWIFT_STANDARD_LIBRARIES = YES;
				BUNDLE_LOADER = "$(TEST_HOST)";
				CODE_SIGN_STYLE = Automatic;
				INFOPLIST_FILE = FoodTrackTests/Info.plist;
				LD_RUNPATH_SEARCH_PATHS = (
					"$(inherited)",
					"@executable_path/Frameworks",
					"@loader_path/Frameworks",
				);
				PRODUCT_BUNDLE_IDENTIFIER = com.avanet.tech.FoodTrackTests;
				PRODUCT_NAME = "$(TARGET_NAME)";
				SWIFT_VERSION = 4.0;
				TARGETED_DEVICE_FAMILY = "1,2";
				TEST_HOST = "$(BUILT_PRODUCTS_DIR)/FoodTrack.app/FoodTrack";
			};
			name = Release;
		};
		5C08699C20F94278000FCBB8 /* Debug */ = {
			isa = XCBuildConfiguration;
			buildSettings = {
				ALWAYS_EMBED_SWIFT_STANDARD_LIBRARIES = YES;
				CODE_SIGN_STYLE = Automatic;
				INFOPLIST_FILE = FoodTrackUITests/Info.plist;
				LD_RUNPATH_SEARCH_PATHS = (
					"$(inherited)",
					"@executable_path/Frameworks",
					"@loader_path/Frameworks",
				);
				PRODUCT_BUNDLE_IDENTIFIER = com.avanet.tech.FoodTrackUITests;
				PRODUCT_NAME = "$(TARGET_NAME)";
				SWIFT_VERSION = 4.0;
				TARGETED_DEVICE_FAMILY = "1,2";
				TEST_TARGET_NAME = FoodTrack;
			};
			name = Debug;
		};
		5C08699D20F94278000FCBB8 /* Release */ = {
			isa = XCBuildConfiguration;
			buildSettings = {
				ALWAYS_EMBED_SWIFT_STANDARD_LIBRARIES = YES;
				CODE_SIGN_STYLE = Automatic;
				INFOPLIST_FILE = FoodTrackUITests/Info.plist;
				LD_RUNPATH_SEARCH_PATHS = (
					"$(inherited)",
					"@executable_path/Frameworks",
					"@loader_path/Frameworks",
				);
				PRODUCT_BUNDLE_IDENTIFIER = com.avanet.tech.FoodTrackUITests;
				PRODUCT_NAME = "$(TARGET_NAME)";
				SWIFT_VERSION = 4.0;
				TARGETED_DEVICE_FAMILY = "1,2";
				TEST_TARGET_NAME = FoodTrack;
			};
			name = Release;
		};
/* End XCBuildConfiguration section */

/* Begin XCConfigurationList section */
		5C08696820F94276000FCBB8 /* Build configuration list for PBXProject "FoodTrack" */ = {
			isa = XCConfigurationList;
			buildConfigurations = (
				5C08699320F94278000FCBB8 /* Debug */,
				5C08699420F94278000FCBB8 /* Release */,
			);
			defaultConfigurationIsVisible = 0;
			defaultConfigurationName = Release;
		};
		5C08699520F94278000FCBB8 /* Build configuration list for PBXNativeTarget "FoodTrack" */ = {
			isa = XCConfigurationList;
			buildConfigurations = (
				5C08699620F94278000FCBB8 /* Debug */,
				5C08699720F94278000FCBB8 /* Release */,
			);
			defaultConfigurationIsVisible = 0;
			defaultConfigurationName = Release;
		};
		5C08699820F94278000FCBB8 /* Build configuration list for PBXNativeTarget "FoodTrackTests" */ = {
			isa = XCConfigurationList;
			buildConfigurations = (
				5C08699920F94278000FCBB8 /* Debug */,
				5C08699A20F94278000FCBB8 /* Release */,
			);
			defaultConfigurationIsVisible = 0;
			defaultConfigurationName = Release;
		};
		5C08699B20F94278000FCBB8 /* Build configuration list for PBXNativeTarget "FoodTrackUITests" */ = {
			isa = XCConfigurationList;
			buildConfigurations = (
				5C08699C20F94278000FCBB8 /* Debug */,
				5C08699D20F94278000FCBB8 /* Release */,
			);
			defaultConfigurationIsVisible = 0;
			defaultConfigurationName = Release;
		};
/* End XCConfigurationList section */
	};
	rootObject = 5C08696520F94276000FCBB8 /* Project object */;
}
